
Microsoft Visual Studio Solution File, Format Version 12.00
# Visual Studio Version 16
VisualStudioVersion = 16.0.31005.135
MinimumVisualStudioVersion = 10.0.40219.1
Project("{9A19103F-16F7-4668-BE54-9A1E7A4F7556}") = "BlazorWebshopUdemy", "BlazorWebshopUdemy\BlazorWebshopUdemy.csproj", "{E0CBA0AE-931C-4667-847E-3357A0EEFD5F}"
EndProject
Project("{9A19103F-16F7-4668-BE54-9A1E7A4F7556}") = "eShop.CoreBusiness", "eShop.CoreBusiness\eShop.CoreBusiness.csproj", "{4336F0BB-C31B-417F-B7BD-4CD2D504A5D5}"
EndProject
Project("{9A19103F-16F7-4668-BE54-9A1E7A4F7556}") = "eShop.UseCases", "eShop.UseCases\eShop.UseCases.csproj", "{431E3D9A-F728-478F-855E-15807883BDEF}"
EndProject
Project("{9A19103F-16F7-4668-BE54-9A1E7A4F7556}") = "eShop.DataStore.Hardcoded", "eShop.DataStore.Hardcoded\eShop.DataStore.Hardcoded.csproj", "{4FB6AED2-C7CF-40BD-BA14-A7E4F2B134D4}"
EndProject
Global
	GlobalSection(SolutionConfigurationPlatforms) = preSolution
		Debug|Any CPU = Debug|Any CPU
		Release|Any CPU = Release|Any CPU
	EndGlobalSection
	GlobalSection(ProjectConfigurationPlatforms) = postSolution
		{E0CBA0AE-931C-4667-847E-3357A0EEFD5F}.Debug|Any CPU.ActiveCfg = Debug|Any CPU
		{E0CBA0AE-931C-4667-847E-3357A0EEFD5F}.Debug|Any CPU.Build.0 = Debug|Any CPU
		{E0CBA0AE-931C-4667-847E-3357A0EEFD5F}.Release|Any CPU.ActiveCfg = Release|Any CPU
		{E0CBA0AE-931C-4667-847E-3357A0EEFD5F}.Release|Any CPU.Build.0 = Release|Any CPU
		{4336F0BB-C31B-417F-B7BD-4CD2D504A5D5}.Debug|Any CPU.ActiveCfg = Debug|Any CPU
		{4336F0BB-C31B-417F-B7BD-4CD2D504A5D5}.Debug|Any CPU.Build.0 = Debug|Any CPU
		{4336F0BB-C31B-417F-B7BD-4CD2D504A5D5}.Release|Any CPU.ActiveCfg = Release|Any CPU
		{4336F0BB-C31B-417F-B7BD-4CD2D504A5D5}.Release|Any CPU.Build.0 = Release|Any CPU
		{431E3D9A-F728-478F-855E-15807883BDEF}.Debug|Any CPU.ActiveCfg = Debug|Any CPU
		{431E3D9A-F728-478F-855E-15807883BDEF}.Debug|Any CPU.Build.0 = Debug|Any CPU
		{431E3D9A-F728-478F-855E-15807883BDEF}.Release|Any CPU.ActiveCfg = Release|Any CPU
		{431E3D9A-F728-478F-855E-15807883BDEF}.Release|Any CPU.Build.0 = Release|Any CPU
		{4FB6AED2-C7CF-40BD-BA14-A7E4F2B134D4}.Debug|Any CPU.ActiveCfg = Debug|Any CPU
		{4FB6AED2-C7CF-40BD-BA14-A7E4F2B134D4}.Debug|Any CPU.Build.0 = Debug|Any CPU
		{4FB6AED2-C7CF-40BD-BA14-A7E4F2B134D4}.Release|Any CPU.ActiveCfg = Release|Any CPU
		{4FB6AED2-C7CF-40BD-BA14-A7E4F2B134D4}.Release|Any CPU.Build.0 = Release|Any CPU
	EndGlobalSection
	GlobalSection(SolutionProperties) = preSolution
		HideSolutionNode = FALSE
	EndGlobalSection
	GlobalSection(ExtensibilityGlobals) = postSolution
		SolutionGuid = {09E1B965-34AB-4BD0-B771-F06585B1BF0C}
	EndGlobalSection
EndGlobal
